// !$*UTF8*$!
{
	archiveVersion = 1;
	classes = {
	};
	objectVersion = 50;
	objects = {

/* Begin PBXBuildFile section */
		96BABB6226FCC8F50061DB59 /* AppDelegate.swift in Sources */ = {isa = PBXBuildFile; fileRef = 96BABB6126FCC8F50061DB59 /* AppDelegate.swift */; };
		96BABB6426FCC8F50061DB59 /* SceneDelegate.swift in Sources */ = {isa = PBXBuildFile; fileRef = 96BABB6326FCC8F50061DB59 /* SceneDelegate.swift */; };
		96BABB6626FCC8F50061DB59 /* ViewController.swift in Sources */ = {isa = PBXBuildFile; fileRef = 96BABB6526FCC8F50061DB59 /* ViewController.swift */; };
		96BABB6926FCC8F50061DB59 /* Main.storyboard in Resources */ = {isa = PBXBuildFile; fileRef = 96BABB6726FCC8F50061DB59 /* Main.storyboard */; };
		96BABB6B26FCC8F80061DB59 /* Assets.xcassets in Resources */ = {isa = PBXBuildFile; fileRef = 96BABB6A26FCC8F80061DB59 /* Assets.xcassets */; };
		96BABB6E26FCC8F80061DB59 /* LaunchScreen.storyboard in Resources */ = {isa = PBXBuildFile; fileRef = 96BABB6C26FCC8F80061DB59 /* LaunchScreen.storyboard */; };
		96BABB7926FCC8F80061DB59 /* MVCTests.swift in Sources */ = {isa = PBXBuildFile; fileRef = 96BABB7826FCC8F80061DB59 /* MVCTests.swift */; };
		96BABB8426FCC8F90061DB59 /* MVCUITests.swift in Sources */ = {isa = PBXBuildFile; fileRef = 96BABB8326FCC8F90061DB59 /* MVCUITests.swift */; };
/* End PBXBuildFile section */

/* Begin PBXContainerItemProxy section */
		96BABB7526FCC8F80061DB59 /* PBXContainerItemProxy */ = {
			isa = PBXContainerItemProxy;
			containerPortal = 96BABB5626FCC8F50061DB59 /* Project object */;
			proxyType = 1;
			remoteGlobalIDString = 96BABB5D26FCC8F50061DB59;
			remoteInfo = MVC;
		};
		96BABB8026FCC8F90061DB59 /* PBXContainerItemProxy */ = {
			isa = PBXContainerItemProxy;
			containerPortal = 96BABB5626FCC8F50061DB59 /* Project object */;
			proxyType = 1;
			remoteGlobalIDString = 96BABB5D26FCC8F50061DB59;
			remoteInfo = MVC;
		};
/* End PBXContainerItemProxy section */

/* Begin PBXFileReference section */
		96BABB5E26FCC8F50061DB59 /* MVC.app */ = {isa = PBXFileReference; explicitFileType = wrapper.application; includeInIndex = 0; path = MVC.app; sourceTree = BUILT_PRODUCTS_DIR; };
		96BABB6126FCC8F50061DB59 /* AppDelegate.swift */ = {isa = PBXFileReference; lastKnownFileType = sourcecode.swift; path = AppDelegate.swift; sourceTree = "<group>"; };
		96BABB6326FCC8F50061DB59 /* SceneDelegate.swift */ = {isa = PBXFileReference; lastKnownFileType = sourcecode.swift; path = SceneDelegate.swift; sourceTree = "<group>"; };
		96BABB6526FCC8F50061DB59 /* ViewController.swift */ = {isa = PBXFileReference; lastKnownFileType = sourcecode.swift; path = ViewController.swift; sourceTree = "<group>"; };
		96BABB6826FCC8F50061DB59 /* Base */ = {isa = PBXFileReference; lastKnownFileType = file.storyboard; name = Base; path = Base.lproj/Main.storyboard; sourceTree = "<group>"; };
		96BABB6A26FCC8F80061DB59 /* Assets.xcassets */ = {isa = PBXFileReference; lastKnownFileType = folder.assetcatalog; path = Assets.xcassets; sourceTree = "<group>"; };
		96BABB6D26FCC8F80061DB59 /* Base */ = {isa = PBXFileReference; lastKnownFileType = file.storyboard; name = Base; path = Base.lproj/LaunchScreen.storyboard; sourceTree = "<group>"; };
		96BABB6F26FCC8F80061DB59 /* Info.plist */ = {isa = PBXFileReference; lastKnownFileType = text.plist.xml; path = Info.plist; sourceTree = "<group>"; };
		96BABB7426FCC8F80061DB59 /* MVCTests.xctest */ = {isa = PBXFileReference; explicitFileType = wrapper.cfbundle; includeInIndex = 0; path = MVCTests.xctest; sourceTree = BUILT_PRODUCTS_DIR; };
		96BABB7826FCC8F80061DB59 /* MVCTests.swift */ = {isa = PBXFileReference; lastKnownFileType = sourcecode.swift; path = MVCTests.swift; sourceTree = "<group>"; };
		96BABB7A26FCC8F80061DB59 /* Info.plist */ = {isa = PBXFileReference; lastKnownFileType = text.plist.xml; path = Info.plist; sourceTree = "<group>"; };
		96BABB7F26FCC8F90061DB59 /* MVCUITests.xctest */ = {isa = PBXFileReference; explicitFileType = wrapper.cfbundle; includeInIndex = 0; path = MVCUITests.xctest; sourceTree = BUILT_PRODUCTS_DIR; };
		96BABB8326FCC8F90061DB59 /* MVCUITests.swift */ = {isa = PBXFileReference; lastKnownFileType = sourcecode.swift; path = MVCUITests.swift; sourceTree = "<group>"; };
		96BABB8526FCC8F90061DB59 /* Info.plist */ = {isa = PBXFileReference; lastKnownFileType = text.plist.xml; path = Info.plist; sourceTree = "<group>"; };
/* End PBXFileReference section */

/* Begin PBXFrameworksBuildPhase section */
		96BABB5B26FCC8F50061DB59 /* Frameworks */ = {
			isa = PBXFrameworksBuildPhase;
			buildActionMask = 2147483647;
			files = (
			);
			runOnlyForDeploymentPostprocessing = 0;
		};
		96BABB7126FCC8F80061DB59 /* Frameworks */ = {
			isa = PBXFrameworksBuildPhase;
			buildActionMask = 2147483647;
			files = (
			);
			runOnlyForDeploymentPostprocessing = 0;
		};
		96BABB7C26FCC8F90061DB59 /* Frameworks */ = {
			isa = PBXFrameworksBuildPhase;
			buildActionMask = 2147483647;
			files = (
			);
			runOnlyForDeploymentPostprocessing = 0;
		};
/* End PBXFrameworksBuildPhase section */

/* Begin PBXGroup section */
		96BABB5526FCC8F50061DB59 = {
			isa = PBXGroup;
			children = (
				96BABB6026FCC8F50061DB59 /* MVC */,
				96BABB7726FCC8F80061DB59 /* MVCTests */,
				96BABB8226FCC8F90061DB59 /* MVCUITests */,
				96BABB5F26FCC8F50061DB59 /* Products */,
			);
			sourceTree = "<group>";
		};
		96BABB5F26FCC8F50061DB59 /* Products */ = {
			isa = PBXGroup;
			children = (
				96BABB5E26FCC8F50061DB59 /* MVC.app */,
				96BABB7426FCC8F80061DB59 /* MVCTests.xctest */,
				96BABB7F26FCC8F90061DB59 /* MVCUITests.xctest */,
			);
			name = Products;
			sourceTree = "<group>";
		};
		96BABB6026FCC8F50061DB59 /* MVC */ = {
			isa = PBXGroup;
			children = (
				96BABB6126FCC8F50061DB59 /* AppDelegate.swift */,
				96BABB6326FCC8F50061DB59 /* SceneDelegate.swift */,
				96BABB6526FCC8F50061DB59 /* ViewController.swift */,
				96BABB6726FCC8F50061DB59 /* Main.storyboard */,
				96BABB6A26FCC8F80061DB59 /* Assets.xcassets */,
				96BABB6C26FCC8F80061DB59 /* LaunchScreen.storyboard */,
				96BABB6F26FCC8F80061DB59 /* Info.plist */,
			);
			path = MVC;
			sourceTree = "<group>";
		};
		96BABB7726FCC8F80061DB59 /* MVCTests */ = {
			isa = PBXGroup;
			children = (
				96BABB7826FCC8F80061DB59 /* MVCTests.swift */,
				96BABB7A26FCC8F80061DB59 /* Info.plist */,
			);
			path = MVCTests;
			sourceTree = "<group>";
		};
		96BABB8226FCC8F90061DB59 /* MVCUITests */ = {
			isa = PBXGroup;
			children = (
				96BABB8326FCC8F90061DB59 /* MVCUITests.swift */,
				96BABB8526FCC8F90061DB59 /* Info.plist */,
			);
			path = MVCUITests;
			sourceTree = "<group>";
		};
/* End PBXGroup section */

/* Begin PBXNativeTarget section */
		96BABB5D26FCC8F50061DB59 /* MVC */ = {
			isa = PBXNativeTarget;
			buildConfigurationList = 96BABB8826FCC8F90061DB59 /* Build configuration list for PBXNativeTarget "MVC" */;
			buildPhases = (
				96BABB5A26FCC8F50061DB59 /* Sources */,
				96BABB5B26FCC8F50061DB59 /* Frameworks */,
				96BABB5C26FCC8F50061DB59 /* Resources */,
			);
			buildRules = (
			);
			dependencies = (
			);
			name = MVC;
			productName = MVC;
			productReference = 96BABB5E26FCC8F50061DB59 /* MVC.app */;
			productType = "com.apple.product-type.application";
		};
		96BABB7326FCC8F80061DB59 /* MVCTests */ = {
			isa = PBXNativeTarget;
			buildConfigurationList = 96BABB8B26FCC8F90061DB59 /* Build configuration list for PBXNativeTarget "MVCTests" */;
			buildPhases = (
				96BABB7026FCC8F80061DB59 /* Sources */,
				96BABB7126FCC8F80061DB59 /* Frameworks */,
				96BABB7226FCC8F80061DB59 /* Resources */,
			);
			buildRules = (
			);
			dependencies = (
				96BABB7626FCC8F80061DB59 /* PBXTargetDependency */,
			);
			name = MVCTests;
			productName = MVCTests;
			productReference = 96BABB7426FCC8F80061DB59 /* MVCTests.xctest */;
			productType = "com.apple.product-type.bundle.unit-test";
		};
		96BABB7E26FCC8F90061DB59 /* MVCUITests */ = {
			isa = PBXNativeTarget;
			buildConfigurationList = 96BABB8E26FCC8F90061DB59 /* Build configuration list for PBXNativeTarget "MVCUITests" */;
			buildPhases = (
				96BABB7B26FCC8F90061DB59 /* Sources */,
				96BABB7C26FCC8F90061DB59 /* Frameworks */,
				96BABB7D26FCC8F90061DB59 /* Resources */,
			);
			buildRules = (
			);
			dependencies = (
				96BABB8126FCC8F90061DB59 /* PBXTargetDependency */,
			);
			name = MVCUITests;
			productName = MVCUITests;
			productReference = 96BABB7F26FCC8F90061DB59 /* MVCUITests.xctest */;
			productType = "com.apple.product-type.bundle.ui-testing";
		};
/* End PBXNativeTarget section */

/* Begin PBXProject section */
		96BABB5626FCC8F50061DB59 /* Project object */ = {
			isa = PBXProject;
			attributes = {
				LastSwiftUpdateCheck = 1250;
				LastUpgradeCheck = 1250;
				TargetAttributes = {
					96BABB5D26FCC8F50061DB59 = {
						CreatedOnToolsVersion = 12.5.1;
					};
					96BABB7326FCC8F80061DB59 = {
						CreatedOnToolsVersion = 12.5.1;
						TestTargetID = 96BABB5D26FCC8F50061DB59;
					};
					96BABB7E26FCC8F90061DB59 = {
						CreatedOnToolsVersion = 12.5.1;
						TestTargetID = 96BABB5D26FCC8F50061DB59;
					};
				};
			};
			buildConfigurationList = 96BABB5926FCC8F50061DB59 /* Build configuration list for PBXProject "MVC" */;
			compatibilityVersion = "Xcode 9.3";
			developmentRegion = en;
			hasScannedForEncodings = 0;
			knownRegions = (
				en,
				Base,
			);
			mainGroup = 96BABB5526FCC8F50061DB59;
			productRefGroup = 96BABB5F26FCC8F50061DB59 /* Products */;
			projectDirPath = "";
			projectRoot = "";
			targets = (
				96BABB5D26FCC8F50061DB59 /* MVC */,
				96BABB7326FCC8F80061DB59 /* MVCTests */,
				96BABB7E26FCC8F90061DB59 /* MVCUITests */,
			);
		};
/* End PBXProject section */

/* Begin PBXResourcesBuildPhase section */
		96BABB5C26FCC8F50061DB59 /* Resources */ = {
			isa = PBXResourcesBuildPhase;
			buildActionMask = 2147483647;
			files = (
				96BABB6E26FCC8F80061DB59 /* LaunchScreen.storyboard in Resources */,
				96BABB6B26FCC8F80061DB59 /* Assets.xcassets in Resources */,
				96BABB6926FCC8F50061DB59 /* Main.storyboard in Resources */,
			);
			runOnlyForDeploymentPostprocessing = 0;
		};
		96BABB7226FCC8F80061DB59 /* Resources */ = {
			isa = PBXResourcesBuildPhase;
			buildActionMask = 2147483647;
			files = (
			);
			runOnlyForDeploymentPostprocessing = 0;
		};
		96BABB7D26FCC8F90061DB59 /* Resources */ = {
			isa = PBXResourcesBuildPhase;
			buildActionMask = 2147483647;
			files = (
			);
			runOnlyForDeploymentPostprocessing = 0;
		};
/* End PBXResourcesBuildPhase section */

/* Begin PBXSourcesBuildPhase section */
		96BABB5A26FCC8F50061DB59 /* Sources */ = {
			isa = PBXSourcesBuildPhase;
			buildActionMask = 2147483647;
			files = (
				96BABB6626FCC8F50061DB59 /* ViewController.swift in Sources */,
				96BABB6226FCC8F50061DB59 /* AppDelegate.swift in Sources */,
				96BABB6426FCC8F50061DB59 /* SceneDelegate.swift in Sources */,
			);
			runOnlyForDeploymentPostprocessing = 0;
		};
		96BABB7026FCC8F80061DB59 /* Sources */ = {
			isa = PBXSourcesBuildPhase;
			buildActionMask = 2147483647;
			files = (
				96BABB7926FCC8F80061DB59 /* MVCTests.swift in Sources */,
			);
			runOnlyForDeploymentPostprocessing = 0;
		};
		96BABB7B26FCC8F90061DB59 /* Sources */ = {
			isa = PBXSourcesBuildPhase;
			buildActionMask = 2147483647;
			files = (
				96BABB8426FCC8F90061DB59 /* MVCUITests.swift in Sources */,
			);
			runOnlyForDeploymentPostprocessing = 0;
		};
/* End PBXSourcesBuildPhase section */

/* Begin PBXTargetDependency section */
		96BABB7626FCC8F80061DB59 /* PBXTargetDependency */ = {
			isa = PBXTargetDependency;
			target = 96BABB5D26FCC8F50061DB59 /* MVC */;
			targetProxy = 96BABB7526FCC8F80061DB59 /* PBXContainerItemProxy */;
		};
		96BABB8126FCC8F90061DB59 /* PBXTargetDependency */ = {
			isa = PBXTargetDependency;
			target = 96BABB5D26FCC8F50061DB59 /* MVC */;
			targetProxy = 96BABB8026FCC8F90061DB59 /* PBXContainerItemProxy */;
		};
/* End PBXTargetDependency section */

/* Begin PBXVariantGroup section */
		96BABB6726FCC8F50061DB59 /* Main.storyboard */ = {
			isa = PBXVariantGroup;
			children = (
				96BABB6826FCC8F50061DB59 /* Base */,
			);
			name = Main.storyboard;
			sourceTree = "<group>";
		};
		96BABB6C26FCC8F80061DB59 /* LaunchScreen.storyboard */ = {
			isa = PBXVariantGroup;
			children = (
				96BABB6D26FCC8F80061DB59 /* Base */,
			);
			name = LaunchScreen.storyboard;
			sourceTree = "<group>";
		};
/* End PBXVariantGroup section */

/* Begin XCBuildConfiguration section */
		96BABB8626FCC8F90061DB59 /* Debug */ = {
			isa = XCBuildConfiguration;
			buildSettings = {
				ALWAYS_SEARCH_USER_PATHS = NO;
				CLANG_ANALYZER_NONNULL = YES;
				CLANG_ANALYZER_NUMBER_OBJECT_CONVERSION = YES_AGGRESSIVE;
				CLANG_CXX_LANGUAGE_STANDARD = "gnu++14";
				CLANG_CXX_LIBRARY = "libc++";
				CLANG_ENABLE_MODULES = YES;
				CLANG_ENABLE_OBJC_ARC = YES;
				CLANG_ENABLE_OBJC_WEAK = YES;
				CLANG_WARN_BLOCK_CAPTURE_AUTORELEASING = YES;
				CLANG_WARN_BOOL_CONVERSION = YES;
				CLANG_WARN_COMMA = YES;
				CLANG_WARN_CONSTANT_CONVERSION = YES;
				CLANG_WARN_DEPRECATED_OBJC_IMPLEMENTATIONS = YES;
				CLANG_WARN_DIRECT_OBJC_ISA_USAGE = YES_ERROR;
				CLANG_WARN_DOCUMENTATION_COMMENTS = YES;
				CLANG_WARN_EMPTY_BODY = YES;
				CLANG_WARN_ENUM_CONVERSION = YES;
				CLANG_WARN_INFINITE_RECURSION = YES;
				CLANG_WARN_INT_CONVERSION = YES;
				CLANG_WARN_NON_LITERAL_NULL_CONVERSION = YES;
				CLANG_WARN_OBJC_IMPLICIT_RETAIN_SELF = YES;
				CLANG_WARN_OBJC_LITERAL_CONVERSION = YES;
				CLANG_WARN_OBJC_ROOT_CLASS = YES_ERROR;
				CLANG_WARN_QUOTED_INCLUDE_IN_FRAMEWORK_HEADER = YES;
				CLANG_WARN_RANGE_LOOP_ANALYSIS = YES;
				CLANG_WARN_STRICT_PROTOTYPES = YES;
				CLANG_WARN_SUSPICIOUS_MOVE = YES;
				CLANG_WARN_UNGUARDED_AVAILABILITY = YES_AGGRESSIVE;
				CLANG_WARN_UNREACHABLE_CODE = YES;
				CLANG_WARN__DUPLICATE_METHOD_MATCH = YES;
				COPY_PHASE_STRIP = NO;
				DEBUG_INFORMATION_FORMAT = dwarf;
				ENABLE_STRICT_OBJC_MSGSEND = YES;
				ENABLE_TESTABILITY = YES;
				GCC_C_LANGUAGE_STANDARD = gnu11;
				GCC_DYNAMIC_NO_PIC = NO;
				GCC_NO_COMMON_BLOCKS = YES;
				GCC_OPTIMIZATION_LEVEL = 0;
				GCC_PREPROCESSOR_DEFINITIONS = (
					"DEBUG=1",
					"$(inherited)",
				);
				GCC_WARN_64_TO_32_BIT_CONVERSION = YES;
				GCC_WARN_ABOUT_RETURN_TYPE = YES_ERROR;
				GCC_WARN_UNDECLARED_SELECTOR = YES;
				GCC_WARN_UNINITIALIZED_AUTOS = YES_AGGRESSIVE;
				GCC_WARN_UNUSED_FUNCTION = YES;
				GCC_WARN_UNUSED_VARIABLE = YES;
				IPHONEOS_DEPLOYMENT_TARGET = 14.5;
				MTL_ENABLE_DEBUG_INFO = INCLUDE_SOURCE;
				MTL_FAST_MATH = YES;
				ONLY_ACTIVE_ARCH = YES;
				SDKROOT = iphoneos;
				SWIFT_ACTIVE_COMPILATION_CONDITIONS = DEBUG;
				SWIFT_OPTIMIZATION_LEVEL = "-Onone";
			};
			name = Debug;
		};
		96BABB8726FCC8F90061DB59 /* Release */ = {
			isa = XCBuildConfiguration;
			buildSettings = {
				ALWAYS_SEARCH_USER_PATHS = NO;
				CLANG_ANALYZER_NONNULL = YES;
				CLANG_ANALYZER_NUMBER_OBJECT_CONVERSION = YES_AGGRESSIVE;
				CLANG_CXX_LANGUAGE_STANDARD = "gnu++14";
				CLANG_CXX_LIBRARY = "libc++";
				CLANG_ENABLE_MODULES = YES;
				CLANG_ENABLE_OBJC_ARC = YES;
				CLANG_ENABLE_OBJC_WEAK = YES;
				CLANG_WARN_BLOCK_CAPTURE_AUTORELEASING = YES;
				CLANG_WARN_BOOL_CONVERSION = YES;
				CLANG_WARN_COMMA = YES;
				CLANG_WARN_CONSTANT_CONVERSION = YES;
				CLANG_WARN_DEPRECATED_OBJC_IMPLEMENTATIONS = YES;
				CLANG_WARN_DIRECT_OBJC_ISA_USAGE = YES_ERROR;
				CLANG_WARN_DOCUMENTATION_COMMENTS = YES;
				CLANG_WARN_EMPTY_BODY = YES;
				CLANG_WARN_ENUM_CONVERSION = YES;
				CLANG_WARN_INFINITE_RECURSION = YES;
				CLANG_WARN_INT_CONVERSION = YES;
				CLANG_WARN_NON_LITERAL_NULL_CONVERSION = YES;
				CLANG_WARN_OBJC_IMPLICIT_RETAIN_SELF = YES;
				CLANG_WARN_OBJC_LITERAL_CONVERSION = YES;
				CLANG_WARN_OBJC_ROOT_CLASS = YES_ERROR;
				CLANG_WARN_QUOTED_INCLUDE_IN_FRAMEWORK_HEADER = YES;
				CLANG_WARN_RANGE_LOOP_ANALYSIS = YES;
				CLANG_WARN_STRICT_PROTOTYPES = YES;
				CLANG_WARN_SUSPICIOUS_MOVE = YES;
				CLANG_WARN_UNGUARDED_AVAILABILITY = YES_AGGRESSIVE;
				CLANG_WARN_UNREACHABLE_CODE = YES;
				CLANG_WARN__DUPLICATE_METHOD_MATCH = YES;
				COPY_PHASE_STRIP = NO;
				DEBUG_INFORMATION_FORMAT = "dwarf-with-dsym";
				ENABLE_NS_ASSERTIONS = NO;
				ENABLE_STRICT_OBJC_MSGSEND = YES;
				GCC_C_LANGUAGE_STANDARD = gnu11;
				GCC_NO_COMMON_BLOCKS = YES;
				GCC_WARN_64_TO_32_BIT_CONVERSION = YES;
				GCC_WARN_ABOUT_RETURN_TYPE = YES_ERROR;
				GCC_WARN_UNDECLARED_SELECTOR = YES;
				GCC_WARN_UNINITIALIZED_AUTOS = YES_AGGRESSIVE;
				GCC_WARN_UNUSED_FUNCTION = YES;
				GCC_WARN_UNUSED_VARIABLE = YES;
				IPHONEOS_DEPLOYMENT_TARGET = 14.5;
				MTL_ENABLE_DEBUG_INFO = NO;
				MTL_FAST_MATH = YES;
				SDKROOT = iphoneos;
				SWIFT_COMPILATION_MODE = wholemodule;
				SWIFT_OPTIMIZATION_LEVEL = "-O";
				VALIDATE_PRODUCT = YES;
			};
			name = Release;
		};
		96BABB8926FCC8F90061DB59 /* Debug */ = {
			isa = XCBuildConfiguration;
			buildSettings = {
				ASSETCATALOG_COMPILER_APPICON_NAME = AppIcon;
				ASSETCATALOG_COMPILER_GLOBAL_ACCENT_COLOR_NAME = AccentColor;
				CODE_SIGN_STYLE = Automatic;
				INFOPLIST_FILE = MVC/Info.plist;
				LD_RUNPATH_SEARCH_PATHS = (
					"$(inherited)",
					"@executable_path/Frameworks",
				);
				PRODUCT_BUNDLE_IDENTIFIER = MySoft.MVC;
				PRODUCT_NAME = "$(TARGET_NAME)";
				SWIFT_VERSION = 5.0;
				TARGETED_DEVICE_FAMILY = "1,2";
			};
			name = Debug;
		};
		96BABB8A26FCC8F90061DB59 /* Release */ = {
			isa = XCBuildConfiguration;
			buildSettings = {
				ASSETCATALOG_COMPILER_APPICON_NAME = AppIcon;
				ASSETCATALOG_COMPILER_GLOBAL_ACCENT_COLOR_NAME = AccentColor;
				CODE_SIGN_STYLE = Automatic;
				INFOPLIST_FILE = MVC/Info.plist;
				LD_RUNPATH_SEARCH_PATHS = (
					"$(inherited)",
					"@executable_path/Frameworks",
				);
				PRODUCT_BUNDLE_IDENTIFIER = MySoft.MVC;
				PRODUCT_NAME = "$(TARGET_NAME)";
				SWIFT_VERSION = 5.0;
				TARGETED_DEVICE_FAMILY = "1,2";
			};
			name = Release;
		};
		96BABB8C26FCC8F90061DB59 /* Debug */ = {
			isa = XCBuildConfiguration;
			buildSettings = {
				ALWAYS_EMBED_SWIFT_STANDARD_LIBRARIES = YES;
				BUNDLE_LOADER = "$(TEST_HOST)";
				CODE_SIGN_STYLE = Automatic;
				INFOPLIST_FILE = MVCTests/Info.plist;
				IPHONEOS_DEPLOYMENT_TARGET = 14.5;
				LD_RUNPATH_SEARCH_PATHS = (
					"$(inherited)",
					"@executable_path/Frameworks",
					"@loader_path/Frameworks",
				);
				PRODUCT_BUNDLE_IDENTIFIER = MySoft.MVCTests;
				PRODUCT_NAME = "$(TARGET_NAME)";
				SWIFT_VERSION = 5.0;
				TARGETED_DEVICE_FAMILY = "1,2";
				TEST_HOST = "$(BUILT_PRODUCTS_DIR)/MVC.app/MVC";
			};
			name = Debug;
		};
		96BABB8D26FCC8F90061DB59 /* Release */ = {
			isa = XCBuildConfiguration;
			buildSettings = {
				ALWAYS_EMBED_SWIFT_STANDARD_LIBRARIES = YES;
				BUNDLE_LOADER = "$(TEST_HOST)";
				CODE_SIGN_STYLE = Automatic;
				INFOPLIST_FILE = MVCTests/Info.plist;
				IPHONEOS_DEPLOYMENT_TARGET = 14.5;
				LD_RUNPATH_SEARCH_PATHS = (
					"$(inherited)",
					"@executable_path/Frameworks",
					"@loader_path/Frameworks",
				);
				PRODUCT_BUNDLE_IDENTIFIER = MySoft.MVCTests;
				PRODUCT_NAME = "$(TARGET_NAME)";
				SWIFT_VERSION = 5.0;
				TARGETED_DEVICE_FAMILY = "1,2";
				TEST_HOST = "$(BUILT_PRODUCTS_DIR)/MVC.app/MVC";
			};
			name = Release;
		};
		96BABB8F26FCC8F90061DB59 /* Debug */ = {
			isa = XCBuildConfiguration;
			buildSettings = {
				ALWAYS_EMBED_SWIFT_STANDARD_LIBRARIES = YES;
				CODE_SIGN_STYLE = Automatic;
				INFOPLIST_FILE = MVCUITests/Info.plist;
				LD_RUNPATH_SEARCH_PATHS = (
					"$(inherited)",
					"@executable_path/Frameworks",
					"@loader_path/Frameworks",
				);
				PRODUCT_BUNDLE_IDENTIFIER = MySoft.MVCUITests;
				PRODUCT_NAME = "$(TARGET_NAME)";
				SWIFT_VERSION = 5.0;
				TARGETED_DEVICE_FAMILY = "1,2";
				TEST_TARGET_NAME = MVC;
			};
			name = Debug;
		};
		96BABB9026FCC8F90061DB59 /* Release */ = {
			isa = XCBuildConfiguration;
			buildSettings = {
				ALWAYS_EMBED_SWIFT_STANDARD_LIBRARIES = YES;
				CODE_SIGN_STYLE = Automatic;
				INFOPLIST_FILE = MVCUITests/Info.plist;
				LD_RUNPATH_SEARCH_PATHS = (
					"$(inherited)",
					"@executable_path/Frameworks",
					"@loader_path/Frameworks",
				);
				PRODUCT_BUNDLE_IDENTIFIER = MySoft.MVCUITests;
				PRODUCT_NAME = "$(TARGET_NAME)";
				SWIFT_VERSION = 5.0;
				TARGETED_DEVICE_FAMILY = "1,2";
				TEST_TARGET_NAME = MVC;
			};
			name = Release;
		};
/* End XCBuildConfiguration section */

/* Begin XCConfigurationList section */
		96BABB5926FCC8F50061DB59 /* Build configuration list for PBXProject "MVC" */ = {
			isa = XCConfigurationList;
			buildConfigurations = (
				96BABB8626FCC8F90061DB59 /* Debug */,
				96BABB8726FCC8F90061DB59 /* Release */,
			);
			defaultConfigurationIsVisible = 0;
			defaultConfigurationName = Release;
		};
		96BABB8826FCC8F90061DB59 /* Build configuration list for PBXNativeTarget "MVC" */ = {
			isa = XCConfigurationList;
			buildConfigurations = (
				96BABB8926FCC8F90061DB59 /* Debug */,
				96BABB8A26FCC8F90061DB59 /* Release */,
			);
			defaultConfigurationIsVisible = 0;
			defaultConfigurationName = Release;
		};
		96BABB8B26FCC8F90061DB59 /* Build configuration list for PBXNativeTarget "MVCTests" */ = {
			isa = XCConfigurationList;
			buildConfigurations = (
				96BABB8C26FCC8F90061DB59 /* Debug */,
				96BABB8D26FCC8F90061DB59 /* Release */,
			);
			defaultConfigurationIsVisible = 0;
			defaultConfigurationName = Release;
		};
		96BABB8E26FCC8F90061DB59 /* Build configuration list for PBXNativeTarget "MVCUITests" */ = {
			isa = XCConfigurationList;
			buildConfigurations = (
				96BABB8F26FCC8F90061DB59 /* Debug */,
				96BABB9026FCC8F90061DB59 /* Release */,
			);
			defaultConfigurationIsVisible = 0;
			defaultConfigurationName = Release;
		};
/* End XCConfigurationList section */
	};
	rootObject = 96BABB5626FCC8F50061DB59 /* Project object */;
}
